
Microsoft Visual Studio Solution File, Format Version 12.00
# Visual Studio 15
VisualStudioVersion = 15.0.26228.9
MinimumVisualStudioVersion = 10.0.40219.1
Project("{FAE04EC0-301F-11D3-BF4B-00C04F79EFBC}") = "SimpleMVVM.Android", "SimpleMVVM\SimpleMVVM.Android\SimpleMVVM.Android.csproj", "{C0B392AB-461F-4CC5-810E-71DF64C49419}"
EndProject
Project("{FAE04EC0-301F-11D3-BF4B-00C04F79EFBC}") = "SimpleMVVM", "SimpleMVVM\SimpleMVVM\SimpleMVVM.csproj", "{95A909B6-B3DF-4099-BAA6-B56E7F90D018}"
EndProject
Project("{FAE04EC0-301F-11D3-BF4B-00C04F79EFBC}") = "SimpleMVVM.UWP", "SimpleMVVM\SimpleMVVM.UWP\SimpleMVVM.UWP.csproj", "{1D72671A-C0FA-49F3-AF9F-CA388C7ADBF7}"
EndProject
Project("{FAE04EC0-301F-11D3-BF4B-00C04F79EFBC}") = "SimpleMVVM.iOS", "SimpleMVVM\SimpleMVVM.iOS\SimpleMVVM.iOS.csproj", "{08C2B851-2FA2-4961-8ADF-9FECD12D44D8}"
EndProject
Global
	GlobalSection(SolutionConfigurationPlatforms) = preSolution
		Ad-Hoc|Any CPU = Ad-Hoc|Any CPU
		Ad-Hoc|ARM = Ad-Hoc|ARM
		Ad-Hoc|iPhone = Ad-Hoc|iPhone
		Ad-Hoc|iPhoneSimulator = Ad-Hoc|iPhoneSimulator
		Ad-Hoc|x64 = Ad-Hoc|x64
		Ad-Hoc|x86 = Ad-Hoc|x86
		AppStore|Any CPU = AppStore|Any CPU
		AppStore|ARM = AppStore|ARM
		AppStore|iPhone = AppStore|iPhone
		AppStore|iPhoneSimulator = AppStore|iPhoneSimulator
		AppStore|x64 = AppStore|x64
		AppStore|x86 = AppStore|x86
		Debug|Any CPU = Debug|Any CPU
		Debug|ARM = Debug|ARM
		Debug|iPhone = Debug|iPhone
		Debug|iPhoneSimulator = Debug|iPhoneSimulator
		Debug|x64 = Debug|x64
		Debug|x86 = Debug|x86
		Release|Any CPU = Release|Any CPU
		Release|ARM = Release|ARM
		Release|iPhone = Release|iPhone
		Release|iPhoneSimulator = Release|iPhoneSimulator
		Release|x64 = Release|x64
		Release|x86 = Release|x86
	EndGlobalSection
	GlobalSection(ProjectConfigurationPlatforms) = postSolution
		{C0B392AB-461F-4CC5-810E-71DF64C49419}.Ad-Hoc|Any CPU.ActiveCfg = Release|Any CPU
		{C0B392AB-461F-4CC5-810E-71DF64C49419}.Ad-Hoc|Any CPU.Build.0 = Release|Any CPU
		{C0B392AB-461F-4CC5-810E-71DF64C49419}.Ad-Hoc|Any CPU.Deploy.0 = Release|Any CPU
		{C0B392AB-461F-4CC5-810E-71DF64C49419}.Ad-Hoc|ARM.ActiveCfg = Release|Any CPU
		{C0B392AB-461F-4CC5-810E-71DF64C49419}.Ad-Hoc|ARM.Build.0 = Release|Any CPU
		{C0B392AB-461F-4CC5-810E-71DF64C49419}.Ad-Hoc|ARM.Deploy.0 = Release|Any CPU
		{C0B392AB-461F-4CC5-810E-71DF64C49419}.Ad-Hoc|iPhone.ActiveCfg = Release|Any CPU
		{C0B392AB-461F-4CC5-810E-71DF64C49419}.Ad-Hoc|iPhone.Build.0 = Release|Any CPU
		{C0B392AB-461F-4CC5-810E-71DF64C49419}.Ad-Hoc|iPhone.Deploy.0 = Release|Any CPU
		{C0B392AB-461F-4CC5-810E-71DF64C49419}.Ad-Hoc|iPhoneSimulator.ActiveCfg = Release|Any CPU
		{C0B392AB-461F-4CC5-810E-71DF64C49419}.Ad-Hoc|iPhoneSimulator.Build.0 = Release|Any CPU
		{C0B392AB-461F-4CC5-810E-71DF64C49419}.Ad-Hoc|iPhoneSimulator.Deploy.0 = Release|Any CPU
		{C0B392AB-461F-4CC5-810E-71DF64C49419}.Ad-Hoc|x64.ActiveCfg = Release|Any CPU
		{C0B392AB-461F-4CC5-810E-71DF64C49419}.Ad-Hoc|x64.Build.0 = Release|Any CPU
		{C0B392AB-461F-4CC5-810E-71DF64C49419}.Ad-Hoc|x64.Deploy.0 = Release|Any CPU
		{C0B392AB-461F-4CC5-810E-71DF64C49419}.Ad-Hoc|x86.ActiveCfg = Release|Any CPU
		{C0B392AB-461F-4CC5-810E-71DF64C49419}.Ad-Hoc|x86.Build.0 = Release|Any CPU
		{C0B392AB-461F-4CC5-810E-71DF64C49419}.Ad-Hoc|x86.Deploy.0 = Release|Any CPU
		{C0B392AB-461F-4CC5-810E-71DF64C49419}.AppStore|Any CPU.ActiveCfg = Release|Any CPU
		{C0B392AB-461F-4CC5-810E-71DF64C49419}.AppStore|Any CPU.Build.0 = Release|Any CPU
		{C0B392AB-461F-4CC5-810E-71DF64C49419}.AppStore|Any CPU.Deploy.0 = Release|Any CPU
		{C0B392AB-461F-4CC5-810E-71DF64C49419}.AppStore|ARM.ActiveCfg = Release|Any CPU
		{C0B392AB-461F-4CC5-810E-71DF64C49419}.AppStore|ARM.Build.0 = Release|Any CPU
		{C0B392AB-461F-4CC5-810E-71DF64C49419}.AppStore|ARM.Deploy.0 = Release|Any CPU
		{C0B392AB-461F-4CC5-810E-71DF64C49419}.AppStore|iPhone.ActiveCfg = Release|Any CPU
		{C0B392AB-461F-4CC5-810E-71DF64C49419}.AppStore|iPhone.Build.0 = Release|Any CPU
		{C0B392AB-461F-4CC5-810E-71DF64C49419}.AppStore|iPhone.Deploy.0 = Release|Any CPU
		{C0B392AB-461F-4CC5-810E-71DF64C49419}.AppStore|iPhoneSimulator.ActiveCfg = Release|Any CPU
		{C0B392AB-461F-4CC5-810E-71DF64C49419}.AppStore|iPhoneSimulator.Build.0 = Release|Any CPU
		{C0B392AB-461F-4CC5-810E-71DF64C49419}.AppStore|iPhoneSimulator.Deploy.0 = Release|Any CPU
		{C0B392AB-461F-4CC5-810E-71DF64C49419}.AppStore|x64.ActiveCfg = Release|Any CPU
		{C0B392AB-461F-4CC5-810E-71DF64C49419}.AppStore|x64.Build.0 = Release|Any CPU
		{C0B392AB-461F-4CC5-810E-71DF64C49419}.AppStore|x64.Deploy.0 = Release|Any CPU
		{C0B392AB-461F-4CC5-810E-71DF64C49419}.AppStore|x86.ActiveCfg = Release|Any CPU
		{C0B392AB-461F-4CC5-810E-71DF64C49419}.AppStore|x86.Build.0 = Release|Any CPU
		{C0B392AB-461F-4CC5-810E-71DF64C49419}.AppStore|x86.Deploy.0 = Release|Any CPU
		{C0B392AB-461F-4CC5-810E-71DF64C49419}.Debug|Any CPU.ActiveCfg = Debug|Any CPU
		{C0B392AB-461F-4CC5-810E-71DF64C49419}.Debug|Any CPU.Build.0 = Debug|Any CPU
		{C0B392AB-461F-4CC5-810E-71DF64C49419}.Debug|Any CPU.Deploy.0 = Debug|Any CPU
		{C0B392AB-461F-4CC5-810E-71DF64C49419}.Debug|ARM.ActiveCfg = Debug|Any CPU
		{C0B392AB-461F-4CC5-810E-71DF64C49419}.Debug|ARM.Build.0 = Debug|Any CPU
		{C0B392AB-461F-4CC5-810E-71DF64C49419}.Debug|ARM.Deploy.0 = Debug|Any CPU
		{C0B392AB-461F-4CC5-810E-71DF64C49419}.Debug|iPhone.ActiveCfg = Debug|Any CPU
		{C0B392AB-461F-4CC5-810E-71DF64C49419}.Debug|iPhone.Build.0 = Debug|Any CPU
		{C0B392AB-461F-4CC5-810E-71DF64C49419}.Debug|iPhone.Deploy.0 = Debug|Any CPU
		{C0B392AB-461F-4CC5-810E-71DF64C49419}.Debug|iPhoneSimulator.ActiveCfg = Debug|Any CPU
		{C0B392AB-461F-4CC5-810E-71DF64C49419}.Debug|iPhoneSimulator.Build.0 = Debug|Any CPU
		{C0B392AB-461F-4CC5-810E-71DF64C49419}.Debug|iPhoneSimulator.Deploy.0 = Debug|Any CPU
		{C0B392AB-461F-4CC5-810E-71DF64C49419}.Debug|x64.ActiveCfg = Debug|Any CPU
		{C0B392AB-461F-4CC5-810E-71DF64C49419}.Debug|x64.Build.0 = Debug|Any CPU
		{C0B392AB-461F-4CC5-810E-71DF64C49419}.Debug|x64.Deploy.0 = Debug|Any CPU
		{C0B392AB-461F-4CC5-810E-71DF64C49419}.Debug|x86.ActiveCfg = Debug|Any CPU
		{C0B392AB-461F-4CC5-810E-71DF64C49419}.Debug|x86.Build.0 = Debug|Any CPU
		{C0B392AB-461F-4CC5-810E-71DF64C49419}.Debug|x86.Deploy.0 = Debug|Any CPU
		{C0B392AB-461F-4CC5-810E-71DF64C49419}.Release|Any CPU.ActiveCfg = Release|Any CPU
		{C0B392AB-461F-4CC5-810E-71DF64C49419}.Release|Any CPU.Build.0 = Release|Any CPU
		{C0B392AB-461F-4CC5-810E-71DF64C49419}.Release|Any CPU.Deploy.0 = Release|Any CPU
		{C0B392AB-461F-4CC5-810E-71DF64C49419}.Release|ARM.ActiveCfg = Release|Any CPU
		{C0B392AB-461F-4CC5-810E-71DF64C49419}.Release|ARM.Build.0 = Release|Any CPU
		{C0B392AB-461F-4CC5-810E-71DF64C49419}.Release|ARM.Deploy.0 = Release|Any CPU
		{C0B392AB-461F-4CC5-810E-71DF64C49419}.Release|iPhone.ActiveCfg = Release|Any CPU
		{C0B392AB-461F-4CC5-810E-71DF64C49419}.Release|iPhone.Build.0 = Release|Any CPU
		{C0B392AB-461F-4CC5-810E-71DF64C49419}.Release|iPhone.Deploy.0 = Release|Any CPU
		{C0B392AB-461F-4CC5-810E-71DF64C49419}.Release|iPhoneSimulator.ActiveCfg = Release|Any CPU
		{C0B392AB-461F-4CC5-810E-71DF64C49419}.Release|iPhoneSimulator.Build.0 = Release|Any CPU
		{C0B392AB-461F-4CC5-810E-71DF64C49419}.Release|iPhoneSimulator.Deploy.0 = Release|Any CPU
		{C0B392AB-461F-4CC5-810E-71DF64C49419}.Release|x64.ActiveCfg = Release|Any CPU
		{C0B392AB-461F-4CC5-810E-71DF64C49419}.Release|x64.Build.0 = Release|Any CPU
		{C0B392AB-461F-4CC5-810E-71DF64C49419}.Release|x64.Deploy.0 = Release|Any CPU
		{C0B392AB-461F-4CC5-810E-71DF64C49419}.Release|x86.ActiveCfg = Release|Any CPU
		{C0B392AB-461F-4CC5-810E-71DF64C49419}.Release|x86.Build.0 = Release|Any CPU
		{C0B392AB-461F-4CC5-810E-71DF64C49419}.Release|x86.Deploy.0 = Release|Any CPU
		{95A909B6-B3DF-4099-BAA6-B56E7F90D018}.Ad-Hoc|Any CPU.ActiveCfg = Release|Any CPU
		{95A909B6-B3DF-4099-BAA6-B56E7F90D018}.Ad-Hoc|Any CPU.Build.0 = Release|Any CPU
		{95A909B6-B3DF-4099-BAA6-B56E7F90D018}.Ad-Hoc|ARM.ActiveCfg = Release|Any CPU
		{95A909B6-B3DF-4099-BAA6-B56E7F90D018}.Ad-Hoc|ARM.Build.0 = Release|Any CPU
		{95A909B6-B3DF-4099-BAA6-B56E7F90D018}.Ad-Hoc|iPhone.ActiveCfg = Release|Any CPU
		{95A909B6-B3DF-4099-BAA6-B56E7F90D018}.Ad-Hoc|iPhone.Build.0 = Release|Any CPU
		{95A909B6-B3DF-4099-BAA6-B56E7F90D018}.Ad-Hoc|iPhoneSimulator.ActiveCfg = Release|Any CPU
		{95A909B6-B3DF-4099-BAA6-B56E7F90D018}.Ad-Hoc|iPhoneSimulator.Build.0 = Release|Any CPU
		{95A909B6-B3DF-4099-BAA6-B56E7F90D018}.Ad-Hoc|x64.ActiveCfg = Release|Any CPU
		{95A909B6-B3DF-4099-BAA6-B56E7F90D018}.Ad-Hoc|x64.Build.0 = Release|Any CPU
		{95A909B6-B3DF-4099-BAA6-B56E7F90D018}.Ad-Hoc|x86.ActiveCfg = Release|Any CPU
		{95A909B6-B3DF-4099-BAA6-B56E7F90D018}.Ad-Hoc|x86.Build.0 = Release|Any CPU
		{95A909B6-B3DF-4099-BAA6-B56E7F90D018}.AppStore|Any CPU.ActiveCfg = Release|Any CPU
		{95A909B6-B3DF-4099-BAA6-B56E7F90D018}.AppStore|Any CPU.Build.0 = Release|Any CPU
		{95A909B6-B3DF-4099-BAA6-B56E7F90D018}.AppStore|ARM.ActiveCfg = Release|Any CPU
		{95A909B6-B3DF-4099-BAA6-B56E7F90D018}.AppStore|ARM.Build.0 = Release|Any CPU
		{95A909B6-B3DF-4099-BAA6-B56E7F90D018}.AppStore|iPhone.ActiveCfg = Release|Any CPU
		{95A909B6-B3DF-4099-BAA6-B56E7F90D018}.AppStore|iPhone.Build.0 = Release|Any CPU
		{95A909B6-B3DF-4099-BAA6-B56E7F90D018}.AppStore|iPhoneSimulator.ActiveCfg = Release|Any CPU
		{95A909B6-B3DF-4099-BAA6-B56E7F90D018}.AppStore|iPhoneSimulator.Build.0 = Release|Any CPU
		{95A909B6-B3DF-4099-BAA6-B56E7F90D018}.AppStore|x64.ActiveCfg = Release|Any CPU
		{95A909B6-B3DF-4099-BAA6-B56E7F90D018}.AppStore|x64.Build.0 = Release|Any CPU
		{95A909B6-B3DF-4099-BAA6-B56E7F90D018}.AppStore|x86.ActiveCfg = Release|Any CPU
		{95A909B6-B3DF-4099-BAA6-B56E7F90D018}.AppStore|x86.Build.0 = Release|Any CPU
		{95A909B6-B3DF-4099-BAA6-B56E7F90D018}.Debug|Any CPU.ActiveCfg = Debug|Any CPU
		{95A909B6-B3DF-4099-BAA6-B56E7F90D018}.Debug|Any CPU.Build.0 = Debug|Any CPU
		{95A909B6-B3DF-4099-BAA6-B56E7F90D018}.Debug|ARM.ActiveCfg = Debug|Any CPU
		{95A909B6-B3DF-4099-BAA6-B56E7F90D018}.Debug|ARM.Build.0 = Debug|Any CPU
		{95A909B6-B3DF-4099-BAA6-B56E7F90D018}.Debug|iPhone.ActiveCfg = Debug|Any CPU
		{95A909B6-B3DF-4099-BAA6-B56E7F90D018}.Debug|iPhone.Build.0 = Debug|Any CPU
		{95A909B6-B3DF-4099-BAA6-B56E7F90D018}.Debug|iPhoneSimulator.ActiveCfg = Debug|Any CPU
		{95A909B6-B3DF-4099-BAA6-B56E7F90D018}.Debug|iPhoneSimulator.Build.0 = Debug|Any CPU
		{95A909B6-B3DF-4099-BAA6-B56E7F90D018}.Debug|x64.ActiveCfg = Debug|Any CPU
		{95A909B6-B3DF-4099-BAA6-B56E7F90D018}.Debug|x64.Build.0 = Debug|Any CPU
		{95A909B6-B3DF-4099-BAA6-B56E7F90D018}.Debug|x86.ActiveCfg = Debug|Any CPU
		{95A909B6-B3DF-4099-BAA6-B56E7F90D018}.Debug|x86.Build.0 = Debug|Any CPU
		{95A909B6-B3DF-4099-BAA6-B56E7F90D018}.Release|Any CPU.ActiveCfg = Release|Any CPU
		{95A909B6-B3DF-4099-BAA6-B56E7F90D018}.Release|Any CPU.Build.0 = Release|Any CPU
		{95A909B6-B3DF-4099-BAA6-B56E7F90D018}.Release|ARM.ActiveCfg = Release|Any CPU
		{95A909B6-B3DF-4099-BAA6-B56E7F90D018}.Release|ARM.Build.0 = Release|Any CPU
		{95A909B6-B3DF-4099-BAA6-B56E7F90D018}.Release|iPhone.ActiveCfg = Release|Any CPU
		{95A909B6-B3DF-4099-BAA6-B56E7F90D018}.Release|iPhone.Build.0 = Release|Any CPU
		{95A909B6-B3DF-4099-BAA6-B56E7F90D018}.Release|iPhoneSimulator.ActiveCfg = Release|Any CPU
		{95A909B6-B3DF-4099-BAA6-B56E7F90D018}.Release|iPhoneSimulator.Build.0 = Release|Any CPU
		{95A909B6-B3DF-4099-BAA6-B56E7F90D018}.Release|x64.ActiveCfg = Release|Any CPU
		{95A909B6-B3DF-4099-BAA6-B56E7F90D018}.Release|x64.Build.0 = Release|Any CPU
		{95A909B6-B3DF-4099-BAA6-B56E7F90D018}.Release|x86.ActiveCfg = Release|Any CPU
		{95A909B6-B3DF-4099-BAA6-B56E7F90D018}.Release|x86.Build.0 = Release|Any CPU
		{1D72671A-C0FA-49F3-AF9F-CA388C7ADBF7}.Ad-Hoc|Any CPU.ActiveCfg = Release|x86
		{1D72671A-C0FA-49F3-AF9F-CA388C7ADBF7}.Ad-Hoc|Any CPU.Build.0 = Release|x86
		{1D72671A-C0FA-49F3-AF9F-CA388C7ADBF7}.Ad-Hoc|Any CPU.Deploy.0 = Release|x86
		{1D72671A-C0FA-49F3-AF9F-CA388C7ADBF7}.Ad-Hoc|ARM.ActiveCfg = Release|ARM
		{1D72671A-C0FA-49F3-AF9F-CA388C7ADBF7}.Ad-Hoc|ARM.Build.0 = Release|ARM
		{1D72671A-C0FA-49F3-AF9F-CA388C7ADBF7}.Ad-Hoc|ARM.Deploy.0 = Release|ARM
		{1D72671A-C0FA-49F3-AF9F-CA388C7ADBF7}.Ad-Hoc|iPhone.ActiveCfg = Release|x86
		{1D72671A-C0FA-49F3-AF9F-CA388C7ADBF7}.Ad-Hoc|iPhone.Build.0 = Release|x86
		{1D72671A-C0FA-49F3-AF9F-CA388C7ADBF7}.Ad-Hoc|iPhone.Deploy.0 = Release|x86
		{1D72671A-C0FA-49F3-AF9F-CA388C7ADBF7}.Ad-Hoc|iPhoneSimulator.ActiveCfg = Release|x86
		{1D72671A-C0FA-49F3-AF9F-CA388C7ADBF7}.Ad-Hoc|iPhoneSimulator.Build.0 = Release|x86
		{1D72671A-C0FA-49F3-AF9F-CA388C7ADBF7}.Ad-Hoc|iPhoneSimulator.Deploy.0 = Release|x86
		{1D72671A-C0FA-49F3-AF9F-CA388C7ADBF7}.Ad-Hoc|x64.ActiveCfg = Release|x64
		{1D72671A-C0FA-49F3-AF9F-CA388C7ADBF7}.Ad-Hoc|x64.Build.0 = Release|x64
		{1D72671A-C0FA-49F3-AF9F-CA388C7ADBF7}.Ad-Hoc|x64.Deploy.0 = Release|x64
		{1D72671A-C0FA-49F3-AF9F-CA388C7ADBF7}.Ad-Hoc|x86.ActiveCfg = Release|x86
		{1D72671A-C0FA-49F3-AF9F-CA388C7ADBF7}.Ad-Hoc|x86.Build.0 = Release|x86
		{1D72671A-C0FA-49F3-AF9F-CA388C7ADBF7}.Ad-Hoc|x86.Deploy.0 = Release|x86
		{1D72671A-C0FA-49F3-AF9F-CA388C7ADBF7}.AppStore|Any CPU.ActiveCfg = Release|x86
		{1D72671A-C0FA-49F3-AF9F-CA388C7ADBF7}.AppStore|Any CPU.Build.0 = Release|x86
		{1D72671A-C0FA-49F3-AF9F-CA388C7ADBF7}.AppStore|Any CPU.Deploy.0 = Release|x86
		{1D72671A-C0FA-49F3-AF9F-CA388C7ADBF7}.AppStore|ARM.ActiveCfg = Release|ARM
		{1D72671A-C0FA-49F3-AF9F-CA388C7ADBF7}.AppStore|ARM.Build.0 = Release|ARM
		{1D72671A-C0FA-49F3-AF9F-CA388C7ADBF7}.AppStore|ARM.Deploy.0 = Release|ARM
		{1D72671A-C0FA-49F3-AF9F-CA388C7ADBF7}.AppStore|iPhone.ActiveCfg = Release|x86
		{1D72671A-C0FA-49F3-AF9F-CA388C7ADBF7}.AppStore|iPhone.Build.0 = Release|x86
		{1D72671A-C0FA-49F3-AF9F-CA388C7ADBF7}.AppStore|iPhone.Deploy.0 = Release|x86
		{1D72671A-C0FA-49F3-AF9F-CA388C7ADBF7}.AppStore|iPhoneSimulator.ActiveCfg = Release|x86
		{1D72671A-C0FA-49F3-AF9F-CA388C7ADBF7}.AppStore|iPhoneSimulator.Build.0 = Release|x86
		{1D72671A-C0FA-49F3-AF9F-CA388C7ADBF7}.AppStore|iPhoneSimulator.Deploy.0 = Release|x86
		{1D72671A-C0FA-49F3-AF9F-CA388C7ADBF7}.AppStore|x64.ActiveCfg = Release|x64
		{1D72671A-C0FA-49F3-AF9F-CA388C7ADBF7}.AppStore|x64.Build.0 = Release|x64
		{1D72671A-C0FA-49F3-AF9F-CA388C7ADBF7}.AppStore|x64.Deploy.0 = Release|x64
		{1D72671A-C0FA-49F3-AF9F-CA388C7ADBF7}.AppStore|x86.ActiveCfg = Release|x86
		{1D72671A-C0FA-49F3-AF9F-CA388C7ADBF7}.AppStore|x86.Build.0 = Release|x86
		{1D72671A-C0FA-49F3-AF9F-CA388C7ADBF7}.AppStore|x86.Deploy.0 = Release|x86
		{1D72671A-C0FA-49F3-AF9F-CA388C7ADBF7}.Debug|Any CPU.ActiveCfg = Debug|x86
		{1D72671A-C0FA-49F3-AF9F-CA388C7ADBF7}.Debug|ARM.ActiveCfg = Debug|ARM
		{1D72671A-C0FA-49F3-AF9F-CA388C7ADBF7}.Debug|ARM.Build.0 = Debug|ARM
		{1D72671A-C0FA-49F3-AF9F-CA388C7ADBF7}.Debug|ARM.Deploy.0 = Debug|ARM
		{1D72671A-C0FA-49F3-AF9F-CA388C7ADBF7}.Debug|iPhone.ActiveCfg = Debug|x86
		{1D72671A-C0FA-49F3-AF9F-CA388C7ADBF7}.Debug|iPhoneSimulator.ActiveCfg = Debug|x86
		{1D72671A-C0FA-49F3-AF9F-CA388C7ADBF7}.Debug|x64.ActiveCfg = Debug|x64
		{1D72671A-C0FA-49F3-AF9F-CA388C7ADBF7}.Debug|x64.Build.0 = Debug|x64
		{1D72671A-C0FA-49F3-AF9F-CA388C7ADBF7}.Debug|x64.Deploy.0 = Debug|x64
		{1D72671A-C0FA-49F3-AF9F-CA388C7ADBF7}.Debug|x86.ActiveCfg = Debug|x86
		{1D72671A-C0FA-49F3-AF9F-CA388C7ADBF7}.Debug|x86.Build.0 = Debug|x86
		{1D72671A-C0FA-49F3-AF9F-CA388C7ADBF7}.Debug|x86.Deploy.0 = Debug|x86
		{1D72671A-C0FA-49F3-AF9F-CA388C7ADBF7}.Release|Any CPU.ActiveCfg = Release|x86
		{1D72671A-C0FA-49F3-AF9F-CA388C7ADBF7}.Release|ARM.ActiveCfg = Release|ARM
		{1D72671A-C0FA-49F3-AF9F-CA388C7ADBF7}.Release|ARM.Build.0 = Release|ARM
		{1D72671A-C0FA-49F3-AF9F-CA388C7ADBF7}.Release|ARM.Deploy.0 = Release|ARM
		{1D72671A-C0FA-49F3-AF9F-CA388C7ADBF7}.Release|iPhone.ActiveCfg = Release|x86
		{1D72671A-C0FA-49F3-AF9F-CA388C7ADBF7}.Release|iPhoneSimulator.ActiveCfg = Release|x86
		{1D72671A-C0FA-49F3-AF9F-CA388C7ADBF7}.Release|x64.ActiveCfg = Release|x64
		{1D72671A-C0FA-49F3-AF9F-CA388C7ADBF7}.Release|x64.Build.0 = Release|x64
		{1D72671A-C0FA-49F3-AF9F-CA388C7ADBF7}.Release|x64.Deploy.0 = Release|x64
		{1D72671A-C0FA-49F3-AF9F-CA388C7ADBF7}.Release|x86.ActiveCfg = Release|x86
		{1D72671A-C0FA-49F3-AF9F-CA388C7ADBF7}.Release|x86.Build.0 = Release|x86
		{1D72671A-C0FA-49F3-AF9F-CA388C7ADBF7}.Release|x86.Deploy.0 = Release|x86
		{08C2B851-2FA2-4961-8ADF-9FECD12D44D8}.Ad-Hoc|Any CPU.ActiveCfg = Ad-Hoc|iPhone
		{08C2B851-2FA2-4961-8ADF-9FECD12D44D8}.Ad-Hoc|ARM.ActiveCfg = Ad-Hoc|iPhone
		{08C2B851-2FA2-4961-8ADF-9FECD12D44D8}.Ad-Hoc|iPhone.ActiveCfg = Ad-Hoc|iPhone
		{08C2B851-2FA2-4961-8ADF-9FECD12D44D8}.Ad-Hoc|iPhone.Build.0 = Ad-Hoc|iPhone
		{08C2B851-2FA2-4961-8ADF-9FECD12D44D8}.Ad-Hoc|iPhoneSimulator.ActiveCfg = Ad-Hoc|iPhoneSimulator
		{08C2B851-2FA2-4961-8ADF-9FECD12D44D8}.Ad-Hoc|iPhoneSimulator.Build.0 = Ad-Hoc|iPhoneSimulator
		{08C2B851-2FA2-4961-8ADF-9FECD12D44D8}.Ad-Hoc|x64.ActiveCfg = Ad-Hoc|iPhone
		{08C2B851-2FA2-4961-8ADF-9FECD12D44D8}.Ad-Hoc|x86.ActiveCfg = Ad-Hoc|iPhone
		{08C2B851-2FA2-4961-8ADF-9FECD12D44D8}.AppStore|Any CPU.ActiveCfg = AppStore|iPhone
		{08C2B851-2FA2-4961-8ADF-9FECD12D44D8}.AppStore|ARM.ActiveCfg = AppStore|iPhone
		{08C2B851-2FA2-4961-8ADF-9FECD12D44D8}.AppStore|iPhone.ActiveCfg = AppStore|iPhone
		{08C2B851-2FA2-4961-8ADF-9FECD12D44D8}.AppStore|iPhone.Build.0 = AppStore|iPhone
		{08C2B851-2FA2-4961-8ADF-9FECD12D44D8}.AppStore|iPhoneSimulator.ActiveCfg = AppStore|iPhoneSimulator
		{08C2B851-2FA2-4961-8ADF-9FECD12D44D8}.AppStore|iPhoneSimulator.Build.0 = AppStore|iPhoneSimulator
		{08C2B851-2FA2-4961-8ADF-9FECD12D44D8}.AppStore|x64.ActiveCfg = AppStore|iPhone
		{08C2B851-2FA2-4961-8ADF-9FECD12D44D8}.AppStore|x86.ActiveCfg = AppStore|iPhone
		{08C2B851-2FA2-4961-8ADF-9FECD12D44D8}.Debug|Any CPU.ActiveCfg = Debug|iPhone
		{08C2B851-2FA2-4961-8ADF-9FECD12D44D8}.Debug|ARM.ActiveCfg = Debug|iPhone
		{08C2B851-2FA2-4961-8ADF-9FECD12D44D8}.Debug|iPhone.ActiveCfg = Debug|iPhone
		{08C2B851-2FA2-4961-8ADF-9FECD12D44D8}.Debug|iPhone.Build.0 = Debug|iPhone
		{08C2B851-2FA2-4961-8ADF-9FECD12D44D8}.Debug|iPhoneSimulator.ActiveCfg = Debug|iPhoneSimulator
		{08C2B851-2FA2-4961-8ADF-9FECD12D44D8}.Debug|iPhoneSimulator.Build.0 = Debug|iPhoneSimulator
		{08C2B851-2FA2-4961-8ADF-9FECD12D44D8}.Debug|x64.ActiveCfg = Debug|iPhone
		{08C2B851-2FA2-4961-8ADF-9FECD12D44D8}.Debug|x86.ActiveCfg = Debug|iPhone
		{08C2B851-2FA2-4961-8ADF-9FECD12D44D8}.Release|Any CPU.ActiveCfg = Release|iPhone
		{08C2B851-2FA2-4961-8ADF-9FECD12D44D8}.Release|ARM.ActiveCfg = Release|iPhone
		{08C2B851-2FA2-4961-8ADF-9FECD12D44D8}.Release|iPhone.ActiveCfg = Release|iPhone
		{08C2B851-2FA2-4961-8ADF-9FECD12D44D8}.Release|iPhone.Build.0 = Release|iPhone
		{08C2B851-2FA2-4961-8ADF-9FECD12D44D8}.Release|iPhoneSimulator.ActiveCfg = Release|iPhoneSimulator
		{08C2B851-2FA2-4961-8ADF-9FECD12D44D8}.Release|iPhoneSimulator.Build.0 = Release|iPhoneSimulator
		{08C2B851-2FA2-4961-8ADF-9FECD12D44D8}.Release|x64.ActiveCfg = Release|iPhone
		{08C2B851-2FA2-4961-8ADF-9FECD12D44D8}.Release|x86.ActiveCfg = Release|iPhone
	EndGlobalSection
	GlobalSection(SolutionProperties) = preSolution
		HideSolutionNode = FALSE
	EndGlobalSection
EndGlobal
